// !$*UTF8*$!
{
	archiveVersion = 1;
	classes = {
	};
	objectVersion = 56;
	objects = {

/* Begin PBXBuildFile section */
		A10000000000000000000001 /* DigiTapeControllerApp.swift in Sources */ = {isa = PBXBuildFile; fileRef = A20000000000000000000001 /* DigiTapeControllerApp.swift */; };
		A10000000000000000000002 /* DigiTapeModels.swift in Sources */ = {isa = PBXBuildFile; fileRef = A20000000000000000000002 /* DigiTapeModels.swift */; };
		A10000000000000000000003 /* DigiTapeBLEManager.swift in Sources */ = {isa = PBXBuildFile; fileRef = A20000000000000000000003 /* DigiTapeBLEManager.swift */; };
		A10000000000000000000004 /* ContentView.swift in Sources */ = {isa = PBXBuildFile; fileRef = A20000000000000000000004 /* ContentView.swift */; };
/* End PBXBuildFile section */

/* Begin PBXFileReference section */
		A20000000000000000000001 /* DigiTapeControllerApp.swift */ = {isa = PBXFileReference; lastKnownFileType = sourcecode.swift; path = DigiTapeControllerApp.swift; sourceTree = "<group>"; };
		A20000000000000000000002 /* DigiTapeModels.swift */ = {isa = PBXFileReference; lastKnownFileType = sourcecode.swift; path = DigiTapeModels.swift; sourceTree = "<group>"; };
		A20000000000000000000003 /* DigiTapeBLEManager.swift */ = {isa = PBXFileReference; lastKnownFileType = sourcecode.swift; path = DigiTapeBLEManager.swift; sourceTree = "<group>"; };
		A20000000000000000000004 /* ContentView.swift */ = {isa = PBXFileReference; lastKnownFileType = sourcecode.swift; path = ContentView.swift; sourceTree = "<group>"; };
		A20000000000000000000005 /* Info.plist */ = {isa = PBXFileReference; lastKnownFileType = text.plist.xml; path = Info.plist; sourceTree = "<group>"; };
		A20000000000000000000006 /* DigiTapeController.app */ = {isa = PBXFileReference; explicitFileType = wrapper.application; includeInIndex = 0; path = DigiTapeController.app; sourceTree = BUILT_PRODUCTS_DIR; };
/* End PBXFileReference section */

/* Begin PBXFrameworksBuildPhase section */
		A50000000000000000000002 /* Frameworks */ = {
			isa = PBXFrameworksBuildPhase;
			buildActionMask = 2147483647;
			files = (
			);
			runOnlyForDeploymentPostprocessing = 0;
		};
/* End PBXFrameworksBuildPhase section */

/* Begin PBXGroup section */
		A30000000000000000000001 = {
			isa = PBXGroup;
			children = (
				A30000000000000000000002 /* DigiTapeController */,
				A30000000000000000000003 /* Products */,
			);
			sourceTree = "<group>";
		};
		A30000000000000000000002 /* DigiTapeController */ = {
			isa = PBXGroup;
			children = (
				A20000000000000000000001 /* DigiTapeControllerApp.swift */,
				A20000000000000000000002 /* DigiTapeModels.swift */,
				A20000000000000000000003 /* DigiTapeBLEManager.swift */,
				A20000000000000000000004 /* ContentView.swift */,
				A20000000000000000000005 /* Info.plist */,
			);
			path = DigiTapeController;
			sourceTree = "<group>";
		};
		A30000000000000000000003 /* Products */ = {
			isa = PBXGroup;
			children = (
				A20000000000000000000006 /* DigiTapeController.app */,
			);
			name = Products;
			sourceTree = "<group>";
		};
/* End PBXGroup section */

/* Begin PBXNativeTarget section */
		A40000000000000000000001 /* DigiTapeController */ = {
			isa = PBXNativeTarget;
			buildConfigurationList = A70000000000000000000002 /* Build configuration list for PBXNativeTarget "DigiTapeController" */;
			buildPhases = (
				A50000000000000000000001 /* Sources */,
				A50000000000000000000002 /* Frameworks */,
				A50000000000000000000003 /* Resources */,
			);
			buildRules = (
			);
			dependencies = (
			);
			name = DigiTapeController;
			productName = DigiTapeController;
			productReference = A20000000000000000000006 /* DigiTapeController.app */;
			productType = "com.apple.product-type.application";
		};
/* End PBXNativeTarget section */

/* Begin PBXProject section */
		A60000000000000000000001 /* Project object */ = {
			isa = PBXProject;
			attributes = {
				BuildIndependentTargetsInParallel = 1;
				LastSwiftUpdateCheck = 1600;
				LastUpgradeCheck = 1600;
				TargetAttributes = {
					A40000000000000000000001 = {
						CreatedOnToolsVersion = 16.0;
					};
				};
			};
			buildConfigurationList = A70000000000000000000001 /* Build configuration list for PBXProject "DigiTapeController" */;
			compatibilityVersion = "Xcode 14.0";
			developmentRegion = en;
			hasScannedForEncodings = 0;
			knownRegions = (
				en,
				Base,
			);
			mainGroup = A30000000000000000000001;
			productRefGroup = A30000000000000000000003 /* Products */;
			projectDirPath = "";
			projectRoot = "";
			targets = (
				A40000000000000000000001 /* DigiTapeController */,
			);
		};
/* End PBXProject section */

/* Begin PBXResourcesBuildPhase section */
		A50000000000000000000003 /* Resources */ = {
			isa = PBXResourcesBuildPhase;
			buildActionMask = 2147483647;
			files = (
			);
			runOnlyForDeploymentPostprocessing = 0;
		};
/* End PBXResourcesBuildPhase section */

/* Begin PBXSourcesBuildPhase section */
		A50000000000000000000001 /* Sources */ = {
			isa = PBXSourcesBuildPhase;
			buildActionMask = 2147483647;
			files = (
				A10000000000000000000001 /* DigiTapeControllerApp.swift in Sources */,
				A10000000000000000000002 /* DigiTapeModels.swift in Sources */,
				A10000000000000000000003 /* DigiTapeBLEManager.swift in Sources */,
				A10000000000000000000004 /* ContentView.swift in Sources */,
			);
			runOnlyForDeploymentPostprocessing = 0;
		};
/* End PBXSourcesBuildPhase section */

/* Begin XCBuildConfiguration section */
		A80000000000000000000001 /* Debug */ = {
			isa = XCBuildConfiguration;
			buildSettings = {
				ALWAYS_SEARCH_USER_PATHS = NO;
				CLANG_ANALYZER_NONNULL = YES;
				CLANG_ENABLE_MODULES = YES;
				CLANG_ENABLE_OBJC_ARC = YES;
				CLANG_WARN_DOCUMENTATION_COMMENTS = YES;
				CLANG_WARN_QUOTED_INCLUDE_IN_FRAMEWORK_HEADER = YES;
				DEBUG_INFORMATION_FORMAT = dwarf;
				ENABLE_STRICT_OBJC_MSGSEND = YES;
				ENABLE_TESTABILITY = YES;
				GCC_C_LANGUAGE_STANDARD = gnu17;
				GCC_DYNAMIC_NO_PIC = NO;
				GCC_OPTIMIZATION_LEVEL = 0;
				GCC_PREPROCESSOR_DEFINITIONS = (
					"DEBUG=1",
					"$(inherited)",
				);
				IPHONEOS_DEPLOYMENT_TARGET = 17.0;
				SDKROOT = iphoneos;
				SWIFT_ACTIVE_COMPILATION_CONDITIONS = DEBUG;
				SWIFT_OPTIMIZATION_LEVEL = "-Onone";
			};
			name = Debug;
		};
		A80000000000000000000002 /* Release */ = {
			isa = XCBuildConfiguration;
			buildSettings = {
				ALWAYS_SEARCH_USER_PATHS = NO;
				CLANG_ANALYZER_NONNULL = YES;
				CLANG_ENABLE_MODULES = YES;
				CLANG_ENABLE_OBJC_ARC = YES;
				CLANG_WARN_DOCUMENTATION_COMMENTS = YES;
				CLANG_WARN_QUOTED_INCLUDE_IN_FRAMEWORK_HEADER = YES;
				COPY_PHASE_STRIP = NO;
				DEBUG_INFORMATION_FORMAT = "dwarf-with-dsym";
				ENABLE_NS_ASSERTIONS = NO;
				ENABLE_STRICT_OBJC_MSGSEND = YES;
				GCC_C_LANGUAGE_STANDARD = gnu17;
				IPHONEOS_DEPLOYMENT_TARGET = 17.0;
				SDKROOT = iphoneos;
				SWIFT_COMPILATION_MODE = wholemodule;
				SWIFT_OPTIMIZATION_LEVEL = "-O";
				VALIDATE_PRODUCT = YES;
			};
			name = Release;
		};
		A80000000000000000000003 /* Debug */ = {
			isa = XCBuildConfiguration;
			buildSettings = {
				CODE_SIGN_STYLE = Automatic;
				CURRENT_PROJECT_VERSION = 1;
				DEVELOPMENT_TEAM = 5P7P2UTW9S;
				GENERATE_INFOPLIST_FILE = NO;
				INFOPLIST_FILE = DigiTapeController/Info.plist;
				MARKETING_VERSION = 2.0.2;
				PRODUCT_BUNDLE_IDENTIFIER = com.digitape.controller;
				PRODUCT_NAME = "$(TARGET_NAME)";
				SUPPORTED_PLATFORMS = "iphoneos iphonesimulator";
				SUPPORTS_MACCATALYST = NO;
				SUPPORTS_MAC_DESIGNED_FOR_IPHONE_IPAD = NO;
				SWIFT_VERSION = 5.0;
				TARGETED_DEVICE_FAMILY = 1;
			};
			name = Debug;
		};
		A80000000000000000000004 /* Release */ = {
			isa = XCBuildConfiguration;
			buildSettings = {
				CODE_SIGN_STYLE = Automatic;
				CURRENT_PROJECT_VERSION = 1;
				DEVELOPMENT_TEAM = 5P7P2UTW9S;
				GENERATE_INFOPLIST_FILE = NO;
				INFOPLIST_FILE = DigiTapeController/Info.plist;
				MARKETING_VERSION = 2.0.2;
				PRODUCT_BUNDLE_IDENTIFIER = com.digitape.controller;
				PRODUCT_NAME = "$(TARGET_NAME)";
				SUPPORTED_PLATFORMS = "iphoneos iphonesimulator";
				SUPPORTS_MACCATALYST = NO;
				SUPPORTS_MAC_DESIGNED_FOR_IPHONE_IPAD = NO;
				SWIFT_VERSION = 5.0;
				TARGETED_DEVICE_FAMILY = 1;
			};
			name = Release;
		};
/* End XCBuildConfiguration section */

/* Begin XCConfigurationList section */
		A70000000000000000000001 /* Build configuration list for PBXProject "DigiTapeController" */ = {
			isa = XCConfigurationList;
			buildConfigurations = (
				A80000000000000000000001 /* Debug */,
				A80000000000000000000002 /* Release */,
			);
			defaultConfigurationIsVisible = 0;
			defaultConfigurationName = Release;
		};
		A70000000000000000000002 /* Build configuration list for PBXNativeTarget "DigiTapeController" */ = {
			isa = XCConfigurationList;
			buildConfigurations = (
				A80000000000000000000003 /* Debug */,
				A80000000000000000000004 /* Release */,
			);
			defaultConfigurationIsVisible = 0;
			defaultConfigurationName = Release;
		};
/* End XCConfigurationList section */
	};
	rootObject = A60000000000000000000001 /* Project object */;
}
